
Microsoft Visual Studio Solution File, Format Version 12.00
# Visual Studio Version 17
VisualStudioVersion = 17.0.31612.314
MinimumVisualStudioVersion = 10.0.40219.1
Project("{FAE04EC0-301F-11D3-BF4B-00C04F79EFBC}") = "MatrixEffect", "MatrixEffect.csproj", "{98BC9569-2864-4AC1-86A9-83AB624A7E3D}"
EndProject
Global
	GlobalSection(SolutionConfigurationPlatforms) = preSolution
		Debug|Any CPU = Debug|Any CPU
		Release|Any CPU = Release|Any CPU
	EndGlobalSection
	GlobalSection(ProjectConfigurationPlatforms) = postSolution
		{98BC9569-2864-4AC1-86A9-83AB624A7E3D}.Debug|Any CPU.ActiveCfg = Debug|Any CPU
		{98BC9569-2864-4AC1-86A9-83AB624A7E3D}.Debug|Any CPU.Build.0 = Debug|Any CPU
		{98BC9569-2864-4AC1-86A9-83AB624A7E3D}.Release|Any CPU.ActiveCfg = Release|Any CPU
		{98BC9569-2864-4AC1-86A9-83AB624A7E3D}.Release|Any CPU.Build.0 = Release|Any CPU
	EndGlobalSection
	GlobalSection(SolutionProperties) = preSolution
		HideSolutionNode = FALSE
	EndGlobalSection
	GlobalSection(ExtensibilityGlobals) = postSolution
		SolutionGuid = {3E300743-5583-4EF5-848D-B8C91B9AE220}
	EndGlobalSection
EndGlobal
